# This file is generated by running "yarn install" inside your project.
# Manual changes might be lost - proceed with caution!

__metadata:
  version: 6
  cacheKey: 8

"hunglv@workspace:.":
  version: 0.0.0-use.local
  resolution: "hunglv@workspace:."
  dependencies:
    lodash: ^4.17.21
    numeral: ^2.0.6
  languageName: unknown
  linkType: soft

"lodash@npm:^4.17.21":
  version: 4.17.21
  resolution: "lodash@npm:4.17.21"
  checksum: eb835a2e51d381e561e508ce932ea50a8e5a68f4ebdd771ea240d3048244a8d13658acbd502cd4829768c56f2e16bdd4340b9ea141297d472517b83868e677f7
  languageName: node
  linkType: hard

"numeral@npm:^2.0.6":
  version: 2.0.6
  resolution: "numeral@npm:2.0.6"
  checksum: 89f011116539692bf53fde380adeb0579623d00f782703c71c0062d4a8686770c404a041ff4eef454de53925a9f75bba1fa52726057b13d40473f707730b07c2
  languageName: node
  linkType: hard
